
Microsoft Visual Studio Solution File, Format Version 12.00
# Visual Studio 15
VisualStudioVersion = 15.0.27703.2026
MinimumVisualStudioVersion = 10.0.40219.1
Project("{FAE04EC0-301F-11D3-BF4B-00C04F79EFBC}") = "CommonHelpers", "CommonHelpers\CommonHelpers.csproj", "{DAAFD39D-434E-4FC1-9760-0B3C18B3400E}"
EndProject
Global
	GlobalSection(SolutionConfigurationPlatforms) = preSolution
		Debug|Any CPU = Debug|Any CPU
		Release|Any CPU = Release|Any CPU
	EndGlobalSection
	GlobalSection(ProjectConfigurationPlatforms) = postSolution
		{DAAFD39D-434E-4FC1-9760-0B3C18B3400E}.Debug|Any CPU.ActiveCfg = Debug|Any CPU
		{DAAFD39D-434E-4FC1-9760-0B3C18B3400E}.Debug|Any CPU.Build.0 = Debug|Any CPU
		{DAAFD39D-434E-4FC1-9760-0B3C18B3400E}.Release|Any CPU.ActiveCfg = Release|Any CPU
		{DAAFD39D-434E-4FC1-9760-0B3C18B3400E}.Release|Any CPU.Build.0 = Release|Any CPU
	EndGlobalSection
	GlobalSection(SolutionProperties) = preSolution
		HideSolutionNode = FALSE
	EndGlobalSection
	GlobalSection(ExtensibilityGlobals) = postSolution
		SolutionGuid = {1122F9DC-918B-4207-B528-3D5939FD677E}
	EndGlobalSection
EndGlobal
